
Microsoft Visual Studio Solution File, Format Version 12.00
# Visual Studio 15
VisualStudioVersion = 15.0.28307.136
MinimumVisualStudioVersion = 10.0.40219.1
Project("{9A19103F-16F7-4668-BE54-9A1E7A4F7556}") = "Checkout.BasketApi", "Checkout.BasketApi\Checkout.BasketApi.csproj", "{62412BDF-4307-483E-BD14-59FBC393CF6C}"
EndProject
Project("{FAE04EC0-301F-11D3-BF4B-00C04F79EFBC}") = "Checkout.BasketApi.UnitTests", "Checkout.BasketApi.UnitTests\Checkout.BasketApi.UnitTests.csproj", "{13FA77FF-2DDA-414E-9B1B-58670A5A830F}"
EndProject
Project("{FAE04EC0-301F-11D3-BF4B-00C04F79EFBC}") = "Checkout.BasketApi.HttpClient", "Checkout.BasketApi.HttpClient\Checkout.BasketApi.HttpClient.csproj", "{318508B0-086C-416B-900D-2003C765428D}"
EndProject
Project("{FAE04EC0-301F-11D3-BF4B-00C04F79EFBC}") = "Checkout.BasketApi.HttpClient.IntegrationTests", "Checkout.BasketApi.HttpClient.UnitTests\Checkout.BasketApi.HttpClient.IntegrationTests.csproj", "{7BD97FD6-87BF-493D-95BA-9E339DF82444}"
EndProject
Global
	GlobalSection(SolutionConfigurationPlatforms) = preSolution
		Debug|Any CPU = Debug|Any CPU
		Release|Any CPU = Release|Any CPU
	EndGlobalSection
	GlobalSection(ProjectConfigurationPlatforms) = postSolution
		{62412BDF-4307-483E-BD14-59FBC393CF6C}.Debug|Any CPU.ActiveCfg = Debug|Any CPU
		{62412BDF-4307-483E-BD14-59FBC393CF6C}.Debug|Any CPU.Build.0 = Debug|Any CPU
		{62412BDF-4307-483E-BD14-59FBC393CF6C}.Release|Any CPU.ActiveCfg = Release|Any CPU
		{62412BDF-4307-483E-BD14-59FBC393CF6C}.Release|Any CPU.Build.0 = Release|Any CPU
		{13FA77FF-2DDA-414E-9B1B-58670A5A830F}.Debug|Any CPU.ActiveCfg = Debug|Any CPU
		{13FA77FF-2DDA-414E-9B1B-58670A5A830F}.Debug|Any CPU.Build.0 = Debug|Any CPU
		{13FA77FF-2DDA-414E-9B1B-58670A5A830F}.Release|Any CPU.ActiveCfg = Release|Any CPU
		{13FA77FF-2DDA-414E-9B1B-58670A5A830F}.Release|Any CPU.Build.0 = Release|Any CPU
		{318508B0-086C-416B-900D-2003C765428D}.Debug|Any CPU.ActiveCfg = Debug|Any CPU
		{318508B0-086C-416B-900D-2003C765428D}.Debug|Any CPU.Build.0 = Debug|Any CPU
		{318508B0-086C-416B-900D-2003C765428D}.Release|Any CPU.ActiveCfg = Release|Any CPU
		{318508B0-086C-416B-900D-2003C765428D}.Release|Any CPU.Build.0 = Release|Any CPU
		{7BD97FD6-87BF-493D-95BA-9E339DF82444}.Debug|Any CPU.ActiveCfg = Debug|Any CPU
		{7BD97FD6-87BF-493D-95BA-9E339DF82444}.Debug|Any CPU.Build.0 = Debug|Any CPU
		{7BD97FD6-87BF-493D-95BA-9E339DF82444}.Release|Any CPU.ActiveCfg = Release|Any CPU
		{7BD97FD6-87BF-493D-95BA-9E339DF82444}.Release|Any CPU.Build.0 = Release|Any CPU
	EndGlobalSection
	GlobalSection(SolutionProperties) = preSolution
		HideSolutionNode = FALSE
	EndGlobalSection
	GlobalSection(ExtensibilityGlobals) = postSolution
		SolutionGuid = {8BFDE290-6F39-4160-A085-70705872846B}
	EndGlobalSection
EndGlobal
